
Microsoft Visual Studio Solution File, Format Version 12.00
# Visual Studio Version 16
VisualStudioVersion = 16.0.36128.20
MinimumVisualStudioVersion = 10.0.40219.1
Project("{FAE04EC0-301F-11D3-BF4B-00C04F79EFBC}") = "assign6_1", "assign6_1\assign6_1.csproj", "{C1AE24E4-D392-4E8C-8B5E-EAF73A6FF189}"
EndProject
Global
	GlobalSection(SolutionConfigurationPlatforms) = preSolution
		Debug|Any CPU = Debug|Any CPU
		Release|Any CPU = Release|Any CPU
	EndGlobalSection
	GlobalSection(ProjectConfigurationPlatforms) = postSolution
		{C1AE24E4-D392-4E8C-8B5E-EAF73A6FF189}.Debug|Any CPU.ActiveCfg = Debug|Any CPU
		{C1AE24E4-D392-4E8C-8B5E-EAF73A6FF189}.Debug|Any CPU.Build.0 = Debug|Any CPU
		{C1AE24E4-D392-4E8C-8B5E-EAF73A6FF189}.Release|Any CPU.ActiveCfg = Release|Any CPU
		{C1AE24E4-D392-4E8C-8B5E-EAF73A6FF189}.Release|Any CPU.Build.0 = Release|Any CPU
	EndGlobalSection
	GlobalSection(SolutionProperties) = preSolution
		HideSolutionNode = FALSE
	EndGlobalSection
	GlobalSection(ExtensibilityGlobals) = postSolution
		SolutionGuid = {1AE327B1-DAC7-4B83-A05F-EB2945BD32B4}
	EndGlobalSection
EndGlobal
